
Microsoft Visual Studio Solution File, Format Version 12.00
# Visual Studio Version 17
VisualStudioVersion = 17.8.34525.116
MinimumVisualStudioVersion = 10.0.40219.1
Project("{FAE04EC0-301F-11D3-BF4B-00C04F79EFBC}") = "kodlama-io", "kodlama-io\kodlama-io.csproj", "{4FF80C23-2AAC-4929-8A47-567671BCC74C}"
EndProject
Global
	GlobalSection(SolutionConfigurationPlatforms) = preSolution
		Debug|Any CPU = Debug|Any CPU
		Release|Any CPU = Release|Any CPU
	EndGlobalSection
	GlobalSection(ProjectConfigurationPlatforms) = postSolution
		{4FF80C23-2AAC-4929-8A47-567671BCC74C}.Debug|Any CPU.ActiveCfg = Debug|Any CPU
		{4FF80C23-2AAC-4929-8A47-567671BCC74C}.Debug|Any CPU.Build.0 = Debug|Any CPU
		{4FF80C23-2AAC-4929-8A47-567671BCC74C}.Release|Any CPU.ActiveCfg = Release|Any CPU
		{4FF80C23-2AAC-4929-8A47-567671BCC74C}.Release|Any CPU.Build.0 = Release|Any CPU
	EndGlobalSection
	GlobalSection(SolutionProperties) = preSolution
		HideSolutionNode = FALSE
	EndGlobalSection
	GlobalSection(ExtensibilityGlobals) = postSolution
		SolutionGuid = {16B142B9-AFE3-4AAF-82C0-CD8B69DFB392}
	EndGlobalSection
EndGlobal
